
Microsoft Visual Studio Solution File, Format Version 12.00
# Visual Studio Version 17
VisualStudioVersion = 17.5.002.0
MinimumVisualStudioVersion = 10.0.40219.1
Project("{9A19103F-16F7-4668-BE54-9A1E7A4F7556}") = "DesafioFundamentos", "DesafioFundamentos.csproj", "{89988C8E-FD3F-42E1-943F-1BD666706C63}"
EndProject
Global
	GlobalSection(SolutionConfigurationPlatforms) = preSolution
		Debug|Any CPU = Debug|Any CPU
		Release|Any CPU = Release|Any CPU
	EndGlobalSection
	GlobalSection(ProjectConfigurationPlatforms) = postSolution
		{89988C8E-FD3F-42E1-943F-1BD666706C63}.Debug|Any CPU.ActiveCfg = Debug|Any CPU
		{89988C8E-FD3F-42E1-943F-1BD666706C63}.Debug|Any CPU.Build.0 = Debug|Any CPU
		{89988C8E-FD3F-42E1-943F-1BD666706C63}.Release|Any CPU.ActiveCfg = Release|Any CPU
		{89988C8E-FD3F-42E1-943F-1BD666706C63}.Release|Any CPU.Build.0 = Release|Any CPU
	EndGlobalSection
	GlobalSection(SolutionProperties) = preSolution
		HideSolutionNode = FALSE
	EndGlobalSection
	GlobalSection(ExtensibilityGlobals) = postSolution
		SolutionGuid = {B489D0F7-DFF4-4D02-88A9-94535FE669E9}
	EndGlobalSection
EndGlobal
